
Microsoft Visual Studio Solution File, Format Version 12.00
# Visual Studio Version 17
VisualStudioVersion = 17.8.34330.188
MinimumVisualStudioVersion = 10.0.40219.1
Project("{FAE04EC0-301F-11D3-BF4B-00C04F79EFBC}") = "INTmb", "INTmb\INTmb.csproj", "{620B311A-9431-4212-B682-F68762A5AA87}"
EndProject
Global
	GlobalSection(SolutionConfigurationPlatforms) = preSolution
		Debug|Any CPU = Debug|Any CPU
		Release|Any CPU = Release|Any CPU
	EndGlobalSection
	GlobalSection(ProjectConfigurationPlatforms) = postSolution
		{620B311A-9431-4212-B682-F68762A5AA87}.Debug|Any CPU.ActiveCfg = Debug|Any CPU
		{620B311A-9431-4212-B682-F68762A5AA87}.Debug|Any CPU.Build.0 = Debug|Any CPU
		{620B311A-9431-4212-B682-F68762A5AA87}.Release|Any CPU.ActiveCfg = Release|Any CPU
		{620B311A-9431-4212-B682-F68762A5AA87}.Release|Any CPU.Build.0 = Release|Any CPU
	EndGlobalSection
	GlobalSection(SolutionProperties) = preSolution
		HideSolutionNode = FALSE
	EndGlobalSection
	GlobalSection(ExtensibilityGlobals) = postSolution
		SolutionGuid = {CF0F0D0C-8604-46CA-8C90-36208590D31D}
	EndGlobalSection
EndGlobal
